// !$*UTF8*$!
{
	archiveVersion = 1;
	classes = {
	};
	objectVersion = 50;
	objects = {

/* Begin PBXBuildFile section */
		E070E1D6268DC9D3000DAC0D /* ContentView.swift in Sources */ = {isa = PBXBuildFile; fileRef = E070E1D5268DC9D3000DAC0D /* ContentView.swift */; };
		E070E1D7268DC9D3000DAC0D /* ContentView.swift in Sources */ = {isa = PBXBuildFile; fileRef = E070E1D5268DC9D3000DAC0D /* ContentView.swift */; };
		E0B01113268A28FE002CF378 /* SlideViewModel.swift in Sources */ = {isa = PBXBuildFile; fileRef = E0B01110268A28FE002CF378 /* SlideViewModel.swift */; };
		E0B01114268A28FE002CF378 /* SlideViewModel.swift in Sources */ = {isa = PBXBuildFile; fileRef = E0B01110268A28FE002CF378 /* SlideViewModel.swift */; };
		E0B01115268A28FE002CF378 /* SlideContentView.swift in Sources */ = {isa = PBXBuildFile; fileRef = E0B01111268A28FE002CF378 /* SlideContentView.swift */; };
		E0B01116268A28FE002CF378 /* SlideContentView.swift in Sources */ = {isa = PBXBuildFile; fileRef = E0B01111268A28FE002CF378 /* SlideContentView.swift */; };
		E0B01117268A28FE002CF378 /* Theme.swift in Sources */ = {isa = PBXBuildFile; fileRef = E0B01112268A28FE002CF378 /* Theme.swift */; };
		E0B01118268A28FE002CF378 /* Theme.swift in Sources */ = {isa = PBXBuildFile; fileRef = E0B01112268A28FE002CF378 /* Theme.swift */; };
		E0B0111A268A2949002CF378 /* DemoTheme.swift in Sources */ = {isa = PBXBuildFile; fileRef = E0B01119268A2949002CF378 /* DemoTheme.swift */; };
		E0B0111B268A2949002CF378 /* DemoTheme.swift in Sources */ = {isa = PBXBuildFile; fileRef = E0B01119268A2949002CF378 /* DemoTheme.swift */; };
		E0B01152268B6442002CF378 /* Data.swift in Sources */ = {isa = PBXBuildFile; fileRef = E0B01151268B6442002CF378 /* Data.swift */; };
		E0B01153268B6442002CF378 /* Data.swift in Sources */ = {isa = PBXBuildFile; fileRef = E0B01151268B6442002CF378 /* Data.swift */; };
		E0B25704268A1390007D741E /* SampleCustomThemeApp.swift in Sources */ = {isa = PBXBuildFile; fileRef = E0B256F1268A138F007D741E /* SampleCustomThemeApp.swift */; };
		E0B25705268A1390007D741E /* SampleCustomThemeApp.swift in Sources */ = {isa = PBXBuildFile; fileRef = E0B256F1268A138F007D741E /* SampleCustomThemeApp.swift */; };
		E0B25706268A1390007D741E /* OnboardingView.swift in Sources */ = {isa = PBXBuildFile; fileRef = E0B256F2268A138F007D741E /* OnboardingView.swift */; };
		E0B25707268A1390007D741E /* OnboardingView.swift in Sources */ = {isa = PBXBuildFile; fileRef = E0B256F2268A138F007D741E /* OnboardingView.swift */; };
		E0B25708268A1390007D741E /* Assets.xcassets in Resources */ = {isa = PBXBuildFile; fileRef = E0B256F3268A1390007D741E /* Assets.xcassets */; };
		E0B25709268A1390007D741E /* Assets.xcassets in Resources */ = {isa = PBXBuildFile; fileRef = E0B256F3268A1390007D741E /* Assets.xcassets */; };
/* End PBXBuildFile section */

/* Begin PBXFileReference section */
		E070E1D5268DC9D3000DAC0D /* ContentView.swift */ = {isa = PBXFileReference; lastKnownFileType = sourcecode.swift; path = ContentView.swift; sourceTree = "<group>"; };
		E0B01110268A28FE002CF378 /* SlideViewModel.swift */ = {isa = PBXFileReference; fileEncoding = 4; lastKnownFileType = sourcecode.swift; path = SlideViewModel.swift; sourceTree = "<group>"; };
		E0B01111268A28FE002CF378 /* SlideContentView.swift */ = {isa = PBXFileReference; fileEncoding = 4; lastKnownFileType = sourcecode.swift; path = SlideContentView.swift; sourceTree = "<group>"; };
		E0B01112268A28FE002CF378 /* Theme.swift */ = {isa = PBXFileReference; fileEncoding = 4; lastKnownFileType = sourcecode.swift; path = Theme.swift; sourceTree = "<group>"; };
		E0B01119268A2949002CF378 /* DemoTheme.swift */ = {isa = PBXFileReference; lastKnownFileType = sourcecode.swift; path = DemoTheme.swift; sourceTree = "<group>"; };
		E0B01151268B6442002CF378 /* Data.swift */ = {isa = PBXFileReference; lastKnownFileType = sourcecode.swift; path = Data.swift; sourceTree = "<group>"; };
		E0B256F1268A138F007D741E /* SampleCustomThemeApp.swift */ = {isa = PBXFileReference; lastKnownFileType = sourcecode.swift; path = SampleCustomThemeApp.swift; sourceTree = "<group>"; };
		E0B256F2268A138F007D741E /* OnboardingView.swift */ = {isa = PBXFileReference; lastKnownFileType = sourcecode.swift; path = OnboardingView.swift; sourceTree = "<group>"; };
		E0B256F3268A1390007D741E /* Assets.xcassets */ = {isa = PBXFileReference; lastKnownFileType = folder.assetcatalog; path = Assets.xcassets; sourceTree = "<group>"; };
		E0B256F8268A1390007D741E /* SampleCustomTheme.app */ = {isa = PBXFileReference; explicitFileType = wrapper.application; includeInIndex = 0; path = SampleCustomTheme.app; sourceTree = BUILT_PRODUCTS_DIR; };
		E0B256FB268A1390007D741E /* Info.plist */ = {isa = PBXFileReference; lastKnownFileType = text.plist.xml; path = Info.plist; sourceTree = "<group>"; };
		E0B25700268A1390007D741E /* SampleCustomTheme.app */ = {isa = PBXFileReference; explicitFileType = wrapper.application; includeInIndex = 0; path = SampleCustomTheme.app; sourceTree = BUILT_PRODUCTS_DIR; };
		E0B25702268A1390007D741E /* Info.plist */ = {isa = PBXFileReference; lastKnownFileType = text.plist.xml; path = Info.plist; sourceTree = "<group>"; };
		E0B25703268A1390007D741E /* macOS.entitlements */ = {isa = PBXFileReference; lastKnownFileType = text.plist.entitlements; path = macOS.entitlements; sourceTree = "<group>"; };
/* End PBXFileReference section */

/* Begin PBXFrameworksBuildPhase section */
		E0B256F5268A1390007D741E /* Frameworks */ = {
			isa = PBXFrameworksBuildPhase;
			buildActionMask = 2147483647;
			files = (
			);
			runOnlyForDeploymentPostprocessing = 0;
		};
		E0B256FD268A1390007D741E /* Frameworks */ = {
			isa = PBXFrameworksBuildPhase;
			buildActionMask = 2147483647;
			files = (
			);
			runOnlyForDeploymentPostprocessing = 0;
		};
/* End PBXFrameworksBuildPhase section */

/* Begin PBXGroup section */
		E0B256EB268A138F007D741E = {
			isa = PBXGroup;
			children = (
				E0B256F0268A138F007D741E /* Shared */,
				E0B256FA268A1390007D741E /* iOS */,
				E0B25701268A1390007D741E /* macOS */,
				E0B256F9268A1390007D741E /* Products */,
			);
			sourceTree = "<group>";
		};
		E0B256F0268A138F007D741E /* Shared */ = {
			isa = PBXGroup;
			children = (
				E0B256F1268A138F007D741E /* SampleCustomThemeApp.swift */,
				E070E1D5268DC9D3000DAC0D /* ContentView.swift */,
				E0B256F2268A138F007D741E /* OnboardingView.swift */,
				E0B01111268A28FE002CF378 /* SlideContentView.swift */,
				E0B01110268A28FE002CF378 /* SlideViewModel.swift */,
				E0B01119268A2949002CF378 /* DemoTheme.swift */,
				E0B01112268A28FE002CF378 /* Theme.swift */,
				E0B01151268B6442002CF378 /* Data.swift */,
				E0B256F3268A1390007D741E /* Assets.xcassets */,
			);
			path = Shared;
			sourceTree = "<group>";
		};
		E0B256F9268A1390007D741E /* Products */ = {
			isa = PBXGroup;
			children = (
				E0B256F8268A1390007D741E /* SampleCustomTheme.app */,
				E0B25700268A1390007D741E /* SampleCustomTheme.app */,
			);
			name = Products;
			sourceTree = "<group>";
		};
		E0B256FA268A1390007D741E /* iOS */ = {
			isa = PBXGroup;
			children = (
				E0B256FB268A1390007D741E /* Info.plist */,
			);
			path = iOS;
			sourceTree = "<group>";
		};
		E0B25701268A1390007D741E /* macOS */ = {
			isa = PBXGroup;
			children = (
				E0B25702268A1390007D741E /* Info.plist */,
				E0B25703268A1390007D741E /* macOS.entitlements */,
			);
			path = macOS;
			sourceTree = "<group>";
		};
/* End PBXGroup section */

/* Begin PBXNativeTarget section */
		E0B256F7268A1390007D741E /* SampleCustomTheme (iOS) */ = {
			isa = PBXNativeTarget;
			buildConfigurationList = E0B2570C268A1390007D741E /* Build configuration list for PBXNativeTarget "SampleCustomTheme (iOS)" */;
			buildPhases = (
				E0B256F4268A1390007D741E /* Sources */,
				E0B256F5268A1390007D741E /* Frameworks */,
				E0B256F6268A1390007D741E /* Resources */,
			);
			buildRules = (
			);
			dependencies = (
			);
			name = "SampleCustomTheme (iOS)";
			productName = "SampleCustomTheme (iOS)";
			productReference = E0B256F8268A1390007D741E /* SampleCustomTheme.app */;
			productType = "com.apple.product-type.application";
		};
		E0B256FF268A1390007D741E /* SampleCustomTheme (macOS) */ = {
			isa = PBXNativeTarget;
			buildConfigurationList = E0B2570F268A1390007D741E /* Build configuration list for PBXNativeTarget "SampleCustomTheme (macOS)" */;
			buildPhases = (
				E0B256FC268A1390007D741E /* Sources */,
				E0B256FD268A1390007D741E /* Frameworks */,
				E0B256FE268A1390007D741E /* Resources */,
			);
			buildRules = (
			);
			dependencies = (
			);
			name = "SampleCustomTheme (macOS)";
			productName = "SampleCustomTheme (macOS)";
			productReference = E0B25700268A1390007D741E /* SampleCustomTheme.app */;
			productType = "com.apple.product-type.application";
		};
/* End PBXNativeTarget section */

/* Begin PBXProject section */
		E0B256EC268A138F007D741E /* Project object */ = {
			isa = PBXProject;
			attributes = {
				LastSwiftUpdateCheck = 1250;
				LastUpgradeCheck = 1250;
				TargetAttributes = {
					E0B256F7268A1390007D741E = {
						CreatedOnToolsVersion = 12.5.1;
					};
					E0B256FF268A1390007D741E = {
						CreatedOnToolsVersion = 12.5.1;
					};
				};
			};
			buildConfigurationList = E0B256EF268A138F007D741E /* Build configuration list for PBXProject "SampleCustomTheme" */;
			compatibilityVersion = "Xcode 9.3";
			developmentRegion = en;
			hasScannedForEncodings = 0;
			knownRegions = (
				en,
				Base,
			);
			mainGroup = E0B256EB268A138F007D741E;
			productRefGroup = E0B256F9268A1390007D741E /* Products */;
			projectDirPath = "";
			projectRoot = "";
			targets = (
				E0B256F7268A1390007D741E /* SampleCustomTheme (iOS) */,
				E0B256FF268A1390007D741E /* SampleCustomTheme (macOS) */,
			);
		};
/* End PBXProject section */

/* Begin PBXResourcesBuildPhase section */
		E0B256F6268A1390007D741E /* Resources */ = {
			isa = PBXResourcesBuildPhase;
			buildActionMask = 2147483647;
			files = (
				E0B25708268A1390007D741E /* Assets.xcassets in Resources */,
			);
			runOnlyForDeploymentPostprocessing = 0;
		};
		E0B256FE268A1390007D741E /* Resources */ = {
			isa = PBXResourcesBuildPhase;
			buildActionMask = 2147483647;
			files = (
				E0B25709268A1390007D741E /* Assets.xcassets in Resources */,
			);
			runOnlyForDeploymentPostprocessing = 0;
		};
/* End PBXResourcesBuildPhase section */

/* Begin PBXSourcesBuildPhase section */
		E0B256F4268A1390007D741E /* Sources */ = {
			isa = PBXSourcesBuildPhase;
			buildActionMask = 2147483647;
			files = (
				E0B01152268B6442002CF378 /* Data.swift in Sources */,
				E0B0111A268A2949002CF378 /* DemoTheme.swift in Sources */,
				E070E1D6268DC9D3000DAC0D /* ContentView.swift in Sources */,
				E0B01115268A28FE002CF378 /* SlideContentView.swift in Sources */,
				E0B25706268A1390007D741E /* OnboardingView.swift in Sources */,
				E0B01117268A28FE002CF378 /* Theme.swift in Sources */,
				E0B01113268A28FE002CF378 /* SlideViewModel.swift in Sources */,
				E0B25704268A1390007D741E /* SampleCustomThemeApp.swift in Sources */,
			);
			runOnlyForDeploymentPostprocessing = 0;
		};
		E0B256FC268A1390007D741E /* Sources */ = {
			isa = PBXSourcesBuildPhase;
			buildActionMask = 2147483647;
			files = (
				E0B01153268B6442002CF378 /* Data.swift in Sources */,
				E0B0111B268A2949002CF378 /* DemoTheme.swift in Sources */,
				E070E1D7268DC9D3000DAC0D /* ContentView.swift in Sources */,
				E0B01116268A28FE002CF378 /* SlideContentView.swift in Sources */,
				E0B25707268A1390007D741E /* OnboardingView.swift in Sources */,
				E0B01118268A28FE002CF378 /* Theme.swift in Sources */,
				E0B01114268A28FE002CF378 /* SlideViewModel.swift in Sources */,
				E0B25705268A1390007D741E /* SampleCustomThemeApp.swift in Sources */,
			);
			runOnlyForDeploymentPostprocessing = 0;
		};
/* End PBXSourcesBuildPhase section */

/* Begin XCBuildConfiguration section */
		E0B2570A268A1390007D741E /* Debug */ = {
			isa = XCBuildConfiguration;
			buildSettings = {
				ALWAYS_SEARCH_USER_PATHS = NO;
				CLANG_ANALYZER_NONNULL = YES;
				CLANG_ANALYZER_NUMBER_OBJECT_CONVERSION = YES_AGGRESSIVE;
				CLANG_CXX_LANGUAGE_STANDARD = "gnu++14";
				CLANG_CXX_LIBRARY = "libc++";
				CLANG_ENABLE_MODULES = YES;
				CLANG_ENABLE_OBJC_ARC = YES;
				CLANG_ENABLE_OBJC_WEAK = YES;
				CLANG_WARN_BLOCK_CAPTURE_AUTORELEASING = YES;
				CLANG_WARN_BOOL_CONVERSION = YES;
				CLANG_WARN_COMMA = YES;
				CLANG_WARN_CONSTANT_CONVERSION = YES;
				CLANG_WARN_DEPRECATED_OBJC_IMPLEMENTATIONS = YES;
				CLANG_WARN_DIRECT_OBJC_ISA_USAGE = YES_ERROR;
				CLANG_WARN_DOCUMENTATION_COMMENTS = YES;
				CLANG_WARN_EMPTY_BODY = YES;
				CLANG_WARN_ENUM_CONVERSION = YES;
				CLANG_WARN_INFINITE_RECURSION = YES;
				CLANG_WARN_INT_CONVERSION = YES;
				CLANG_WARN_NON_LITERAL_NULL_CONVERSION = YES;
				CLANG_WARN_OBJC_IMPLICIT_RETAIN_SELF = YES;
				CLANG_WARN_OBJC_LITERAL_CONVERSION = YES;
				CLANG_WARN_OBJC_ROOT_CLASS = YES_ERROR;
				CLANG_WARN_QUOTED_INCLUDE_IN_FRAMEWORK_HEADER = YES;
				CLANG_WARN_RANGE_LOOP_ANALYSIS = YES;
				CLANG_WARN_STRICT_PROTOTYPES = YES;
				CLANG_WARN_SUSPICIOUS_MOVE = YES;
				CLANG_WARN_UNGUARDED_AVAILABILITY = YES_AGGRESSIVE;
				CLANG_WARN_UNREACHABLE_CODE = YES;
				CLANG_WARN__DUPLICATE_METHOD_MATCH = YES;
				COPY_PHASE_STRIP = NO;
				DEBUG_INFORMATION_FORMAT = dwarf;
				ENABLE_STRICT_OBJC_MSGSEND = YES;
				ENABLE_TESTABILITY = YES;
				GCC_C_LANGUAGE_STANDARD = gnu11;
				GCC_DYNAMIC_NO_PIC = NO;
				GCC_NO_COMMON_BLOCKS = YES;
				GCC_OPTIMIZATION_LEVEL = 0;
				GCC_PREPROCESSOR_DEFINITIONS = (
					"DEBUG=1",
					"$(inherited)",
				);
				GCC_WARN_64_TO_32_BIT_CONVERSION = YES;
				GCC_WARN_ABOUT_RETURN_TYPE = YES_ERROR;
				GCC_WARN_UNDECLARED_SELECTOR = YES;
				GCC_WARN_UNINITIALIZED_AUTOS = YES_AGGRESSIVE;
				GCC_WARN_UNUSED_FUNCTION = YES;
				GCC_WARN_UNUSED_VARIABLE = YES;
				MTL_ENABLE_DEBUG_INFO = INCLUDE_SOURCE;
				MTL_FAST_MATH = YES;
				ONLY_ACTIVE_ARCH = YES;
				SWIFT_ACTIVE_COMPILATION_CONDITIONS = DEBUG;
				SWIFT_OPTIMIZATION_LEVEL = "-Onone";
			};
			name = Debug;
		};
		E0B2570B268A1390007D741E /* Release */ = {
			isa = XCBuildConfiguration;
			buildSettings = {
				ALWAYS_SEARCH_USER_PATHS = NO;
				CLANG_ANALYZER_NONNULL = YES;
				CLANG_ANALYZER_NUMBER_OBJECT_CONVERSION = YES_AGGRESSIVE;
				CLANG_CXX_LANGUAGE_STANDARD = "gnu++14";
				CLANG_CXX_LIBRARY = "libc++";
				CLANG_ENABLE_MODULES = YES;
				CLANG_ENABLE_OBJC_ARC = YES;
				CLANG_ENABLE_OBJC_WEAK = YES;
				CLANG_WARN_BLOCK_CAPTURE_AUTORELEASING = YES;
				CLANG_WARN_BOOL_CONVERSION = YES;
				CLANG_WARN_COMMA = YES;
				CLANG_WARN_CONSTANT_CONVERSION = YES;
				CLANG_WARN_DEPRECATED_OBJC_IMPLEMENTATIONS = YES;
				CLANG_WARN_DIRECT_OBJC_ISA_USAGE = YES_ERROR;
				CLANG_WARN_DOCUMENTATION_COMMENTS = YES;
				CLANG_WARN_EMPTY_BODY = YES;
				CLANG_WARN_ENUM_CONVERSION = YES;
				CLANG_WARN_INFINITE_RECURSION = YES;
				CLANG_WARN_INT_CONVERSION = YES;
				CLANG_WARN_NON_LITERAL_NULL_CONVERSION = YES;
				CLANG_WARN_OBJC_IMPLICIT_RETAIN_SELF = YES;
				CLANG_WARN_OBJC_LITERAL_CONVERSION = YES;
				CLANG_WARN_OBJC_ROOT_CLASS = YES_ERROR;
				CLANG_WARN_QUOTED_INCLUDE_IN_FRAMEWORK_HEADER = YES;
				CLANG_WARN_RANGE_LOOP_ANALYSIS = YES;
				CLANG_WARN_STRICT_PROTOTYPES = YES;
				CLANG_WARN_SUSPICIOUS_MOVE = YES;
				CLANG_WARN_UNGUARDED_AVAILABILITY = YES_AGGRESSIVE;
				CLANG_WARN_UNREACHABLE_CODE = YES;
				CLANG_WARN__DUPLICATE_METHOD_MATCH = YES;
				COPY_PHASE_STRIP = NO;
				DEBUG_INFORMATION_FORMAT = "dwarf-with-dsym";
				ENABLE_NS_ASSERTIONS = NO;
				ENABLE_STRICT_OBJC_MSGSEND = YES;
				GCC_C_LANGUAGE_STANDARD = gnu11;
				GCC_NO_COMMON_BLOCKS = YES;
				GCC_WARN_64_TO_32_BIT_CONVERSION = YES;
				GCC_WARN_ABOUT_RETURN_TYPE = YES_ERROR;
				GCC_WARN_UNDECLARED_SELECTOR = YES;
				GCC_WARN_UNINITIALIZED_AUTOS = YES_AGGRESSIVE;
				GCC_WARN_UNUSED_FUNCTION = YES;
				GCC_WARN_UNUSED_VARIABLE = YES;
				MTL_ENABLE_DEBUG_INFO = NO;
				MTL_FAST_MATH = YES;
				SWIFT_COMPILATION_MODE = wholemodule;
				SWIFT_OPTIMIZATION_LEVEL = "-O";
			};
			name = Release;
		};
		E0B2570D268A1390007D741E /* Debug */ = {
			isa = XCBuildConfiguration;
			buildSettings = {
				ASSETCATALOG_COMPILER_APPICON_NAME = AppIcon;
				ASSETCATALOG_COMPILER_GLOBAL_ACCENT_COLOR_NAME = AccentColor;
				CODE_SIGN_STYLE = Automatic;
				DEVELOPMENT_TEAM = 7ZAD79UQ4M;
				ENABLE_PREVIEWS = YES;
				INFOPLIST_FILE = iOS/Info.plist;
				IPHONEOS_DEPLOYMENT_TARGET = 14.0;
				LD_RUNPATH_SEARCH_PATHS = (
					"$(inherited)",
					"@executable_path/Frameworks",
				);
				PRODUCT_BUNDLE_IDENTIFIER = ah.SampleCustomTheme;
				PRODUCT_NAME = SampleCustomTheme;
				SDKROOT = iphoneos;
				SWIFT_VERSION = 5.0;
				TARGETED_DEVICE_FAMILY = "1,2";
			};
			name = Debug;
		};
		E0B2570E268A1390007D741E /* Release */ = {
			isa = XCBuildConfiguration;
			buildSettings = {
				ASSETCATALOG_COMPILER_APPICON_NAME = AppIcon;
				ASSETCATALOG_COMPILER_GLOBAL_ACCENT_COLOR_NAME = AccentColor;
				CODE_SIGN_STYLE = Automatic;
				DEVELOPMENT_TEAM = 7ZAD79UQ4M;
				ENABLE_PREVIEWS = YES;
				INFOPLIST_FILE = iOS/Info.plist;
				IPHONEOS_DEPLOYMENT_TARGET = 14.0;
				LD_RUNPATH_SEARCH_PATHS = (
					"$(inherited)",
					"@executable_path/Frameworks",
				);
				PRODUCT_BUNDLE_IDENTIFIER = ah.SampleCustomTheme;
				PRODUCT_NAME = SampleCustomTheme;
				SDKROOT = iphoneos;
				SWIFT_VERSION = 5.0;
				TARGETED_DEVICE_FAMILY = "1,2";
				VALIDATE_PRODUCT = YES;
			};
			name = Release;
		};
		E0B25710268A1390007D741E /* Debug */ = {
			isa = XCBuildConfiguration;
			buildSettings = {
				ASSETCATALOG_COMPILER_APPICON_NAME = AppIcon;
				ASSETCATALOG_COMPILER_GLOBAL_ACCENT_COLOR_NAME = AccentColor;
				CODE_SIGN_ENTITLEMENTS = macOS/macOS.entitlements;
				CODE_SIGN_STYLE = Automatic;
				COMBINE_HIDPI_IMAGES = YES;
				DEVELOPMENT_TEAM = 7ZAD79UQ4M;
				ENABLE_HARDENED_RUNTIME = YES;
				ENABLE_PREVIEWS = YES;
				INFOPLIST_FILE = macOS/Info.plist;
				LD_RUNPATH_SEARCH_PATHS = (
					"$(inherited)",
					"@executable_path/../Frameworks",
				);
				MACOSX_DEPLOYMENT_TARGET = 11.0;
				PRODUCT_BUNDLE_IDENTIFIER = ah.SampleCustomTheme;
				PRODUCT_NAME = SampleCustomTheme;
				SDKROOT = macosx;
				SWIFT_VERSION = 5.0;
			};
			name = Debug;
		};
		E0B25711268A1390007D741E /* Release */ = {
			isa = XCBuildConfiguration;
			buildSettings = {
				ASSETCATALOG_COMPILER_APPICON_NAME = AppIcon;
				ASSETCATALOG_COMPILER_GLOBAL_ACCENT_COLOR_NAME = AccentColor;
				CODE_SIGN_ENTITLEMENTS = macOS/macOS.entitlements;
				CODE_SIGN_STYLE = Automatic;
				COMBINE_HIDPI_IMAGES = YES;
				DEVELOPMENT_TEAM = 7ZAD79UQ4M;
				ENABLE_HARDENED_RUNTIME = YES;
				ENABLE_PREVIEWS = YES;
				INFOPLIST_FILE = macOS/Info.plist;
				LD_RUNPATH_SEARCH_PATHS = (
					"$(inherited)",
					"@executable_path/../Frameworks",
				);
				MACOSX_DEPLOYMENT_TARGET = 11.0;
				PRODUCT_BUNDLE_IDENTIFIER = ah.SampleCustomTheme;
				PRODUCT_NAME = SampleCustomTheme;
				SDKROOT = macosx;
				SWIFT_VERSION = 5.0;
			};
			name = Release;
		};
/* End XCBuildConfiguration section */

/* Begin XCConfigurationList section */
		E0B256EF268A138F007D741E /* Build configuration list for PBXProject "SampleCustomTheme" */ = {
			isa = XCConfigurationList;
			buildConfigurations = (
				E0B2570A268A1390007D741E /* Debug */,
				E0B2570B268A1390007D741E /* Release */,
			);
			defaultConfigurationIsVisible = 0;
			defaultConfigurationName = Release;
		};
		E0B2570C268A1390007D741E /* Build configuration list for PBXNativeTarget "SampleCustomTheme (iOS)" */ = {
			isa = XCConfigurationList;
			buildConfigurations = (
				E0B2570D268A1390007D741E /* Debug */,
				E0B2570E268A1390007D741E /* Release */,
			);
			defaultConfigurationIsVisible = 0;
			defaultConfigurationName = Release;
		};
		E0B2570F268A1390007D741E /* Build configuration list for PBXNativeTarget "SampleCustomTheme (macOS)" */ = {
			isa = XCConfigurationList;
			buildConfigurations = (
				E0B25710268A1390007D741E /* Debug */,
				E0B25711268A1390007D741E /* Release */,
			);
			defaultConfigurationIsVisible = 0;
			defaultConfigurationName = Release;
		};
/* End XCConfigurationList section */
	};
	rootObject = E0B256EC268A138F007D741E /* Project object */;
}
